// !$*UTF8*$!
{
	archiveVersion = 1;
	classes = {
	};
	objectVersion = 56;
	objects = {

/* Begin PBXBuildFile section */
		D3B55F4529FF830500EB8DA4 /* AppDelegate.swift in Sources */ = {isa = PBXBuildFile; fileRef = D3B55F4429FF830500EB8DA4 /* AppDelegate.swift */; };
		D3B55F4729FF830500EB8DA4 /* SceneDelegate.swift in Sources */ = {isa = PBXBuildFile; fileRef = D3B55F4629FF830500EB8DA4 /* SceneDelegate.swift */; };
		D3B55F4929FF830500EB8DA4 /* FirstVC.swift in Sources */ = {isa = PBXBuildFile; fileRef = D3B55F4829FF830500EB8DA4 /* FirstVC.swift */; };
		D3B55F4C29FF830500EB8DA4 /* Main.storyboard in Resources */ = {isa = PBXBuildFile; fileRef = D3B55F4A29FF830500EB8DA4 /* Main.storyboard */; };
		D3B55F4E29FF830600EB8DA4 /* Assets.xcassets in Resources */ = {isa = PBXBuildFile; fileRef = D3B55F4D29FF830600EB8DA4 /* Assets.xcassets */; };
		D3B55F5129FF830600EB8DA4 /* LaunchScreen.storyboard in Resources */ = {isa = PBXBuildFile; fileRef = D3B55F4F29FF830600EB8DA4 /* LaunchScreen.storyboard */; };
		D3B55F5929FF91A500EB8DA4 /* DetailVC.swift in Sources */ = {isa = PBXBuildFile; fileRef = D3B55F5829FF91A500EB8DA4 /* DetailVC.swift */; };
		D3B55F5B29FF96B900EB8DA4 /* DetailVC.storyboard in Resources */ = {isa = PBXBuildFile; fileRef = D3B55F5A29FF96B900EB8DA4 /* DetailVC.storyboard */; };
		D3B55F5D29FFA70A00EB8DA4 /* SecondVC.swift in Sources */ = {isa = PBXBuildFile; fileRef = D3B55F5C29FFA70A00EB8DA4 /* SecondVC.swift */; };
		D3B55F5F29FFA71500EB8DA4 /* SecondVC.storyboard in Resources */ = {isa = PBXBuildFile; fileRef = D3B55F5E29FFA71500EB8DA4 /* SecondVC.storyboard */; };
/* End PBXBuildFile section */

/* Begin PBXFileReference section */
		D3B55F4129FF830500EB8DA4 /* MoveScreen.app */ = {isa = PBXFileReference; explicitFileType = wrapper.application; includeInIndex = 0; path = MoveScreen.app; sourceTree = BUILT_PRODUCTS_DIR; };
		D3B55F4429FF830500EB8DA4 /* AppDelegate.swift */ = {isa = PBXFileReference; lastKnownFileType = sourcecode.swift; path = AppDelegate.swift; sourceTree = "<group>"; };
		D3B55F4629FF830500EB8DA4 /* SceneDelegate.swift */ = {isa = PBXFileReference; lastKnownFileType = sourcecode.swift; path = SceneDelegate.swift; sourceTree = "<group>"; };
		D3B55F4829FF830500EB8DA4 /* FirstVC.swift */ = {isa = PBXFileReference; lastKnownFileType = sourcecode.swift; path = FirstVC.swift; sourceTree = "<group>"; };
		D3B55F4B29FF830500EB8DA4 /* Base */ = {isa = PBXFileReference; lastKnownFileType = file.storyboard; name = Base; path = Base.lproj/Main.storyboard; sourceTree = "<group>"; };
		D3B55F4D29FF830600EB8DA4 /* Assets.xcassets */ = {isa = PBXFileReference; lastKnownFileType = folder.assetcatalog; path = Assets.xcassets; sourceTree = "<group>"; };
		D3B55F5029FF830600EB8DA4 /* Base */ = {isa = PBXFileReference; lastKnownFileType = file.storyboard; name = Base; path = Base.lproj/LaunchScreen.storyboard; sourceTree = "<group>"; };
		D3B55F5229FF830600EB8DA4 /* Info.plist */ = {isa = PBXFileReference; lastKnownFileType = text.plist.xml; path = Info.plist; sourceTree = "<group>"; };
		D3B55F5829FF91A500EB8DA4 /* DetailVC.swift */ = {isa = PBXFileReference; lastKnownFileType = sourcecode.swift; path = DetailVC.swift; sourceTree = "<group>"; };
		D3B55F5A29FF96B900EB8DA4 /* DetailVC.storyboard */ = {isa = PBXFileReference; lastKnownFileType = file.storyboard; path = DetailVC.storyboard; sourceTree = "<group>"; };
		D3B55F5C29FFA70A00EB8DA4 /* SecondVC.swift */ = {isa = PBXFileReference; lastKnownFileType = sourcecode.swift; path = SecondVC.swift; sourceTree = "<group>"; };
		D3B55F5E29FFA71500EB8DA4 /* SecondVC.storyboard */ = {isa = PBXFileReference; lastKnownFileType = file.storyboard; path = SecondVC.storyboard; sourceTree = "<group>"; };
/* End PBXFileReference section */

/* Begin PBXFrameworksBuildPhase section */
		D3B55F3E29FF830500EB8DA4 /* Frameworks */ = {
			isa = PBXFrameworksBuildPhase;
			buildActionMask = 2147483647;
			files = (
			);
			runOnlyForDeploymentPostprocessing = 0;
		};
/* End PBXFrameworksBuildPhase section */

/* Begin PBXGroup section */
		D3B55F3829FF830500EB8DA4 = {
			isa = PBXGroup;
			children = (
				D3B55F4329FF830500EB8DA4 /* MoveScreen */,
				D3B55F4229FF830500EB8DA4 /* Products */,
			);
			sourceTree = "<group>";
		};
		D3B55F4229FF830500EB8DA4 /* Products */ = {
			isa = PBXGroup;
			children = (
				D3B55F4129FF830500EB8DA4 /* MoveScreen.app */,
			);
			name = Products;
			sourceTree = "<group>";
		};
		D3B55F4329FF830500EB8DA4 /* MoveScreen */ = {
			isa = PBXGroup;
			children = (
				D3B55F4429FF830500EB8DA4 /* AppDelegate.swift */,
				D3B55F4629FF830500EB8DA4 /* SceneDelegate.swift */,
				D3B55F4829FF830500EB8DA4 /* FirstVC.swift */,
				D3B55F5C29FFA70A00EB8DA4 /* SecondVC.swift */,
				D3B55F5E29FFA71500EB8DA4 /* SecondVC.storyboard */,
				D3B55F5829FF91A500EB8DA4 /* DetailVC.swift */,
				D3B55F5A29FF96B900EB8DA4 /* DetailVC.storyboard */,
				D3B55F4A29FF830500EB8DA4 /* Main.storyboard */,
				D3B55F4D29FF830600EB8DA4 /* Assets.xcassets */,
				D3B55F4F29FF830600EB8DA4 /* LaunchScreen.storyboard */,
				D3B55F5229FF830600EB8DA4 /* Info.plist */,
			);
			path = MoveScreen;
			sourceTree = "<group>";
		};
/* End PBXGroup section */

/* Begin PBXNativeTarget section */
		D3B55F4029FF830500EB8DA4 /* MoveScreen */ = {
			isa = PBXNativeTarget;
			buildConfigurationList = D3B55F5529FF830600EB8DA4 /* Build configuration list for PBXNativeTarget "MoveScreen" */;
			buildPhases = (
				D3B55F3D29FF830500EB8DA4 /* Sources */,
				D3B55F3E29FF830500EB8DA4 /* Frameworks */,
				D3B55F3F29FF830500EB8DA4 /* Resources */,
			);
			buildRules = (
			);
			dependencies = (
			);
			name = MoveScreen;
			productName = MoveScreen;
			productReference = D3B55F4129FF830500EB8DA4 /* MoveScreen.app */;
			productType = "com.apple.product-type.application";
		};
/* End PBXNativeTarget section */

/* Begin PBXProject section */
		D3B55F3929FF830500EB8DA4 /* Project object */ = {
			isa = PBXProject;
			attributes = {
				BuildIndependentTargetsInParallel = 1;
				LastSwiftUpdateCheck = 1410;
				LastUpgradeCheck = 1410;
				TargetAttributes = {
					D3B55F4029FF830500EB8DA4 = {
						CreatedOnToolsVersion = 14.1;
					};
				};
			};
			buildConfigurationList = D3B55F3C29FF830500EB8DA4 /* Build configuration list for PBXProject "MoveScreen" */;
			compatibilityVersion = "Xcode 14.0";
			developmentRegion = en;
			hasScannedForEncodings = 0;
			knownRegions = (
				en,
				Base,
			);
			mainGroup = D3B55F3829FF830500EB8DA4;
			productRefGroup = D3B55F4229FF830500EB8DA4 /* Products */;
			projectDirPath = "";
			projectRoot = "";
			targets = (
				D3B55F4029FF830500EB8DA4 /* MoveScreen */,
			);
		};
/* End PBXProject section */

/* Begin PBXResourcesBuildPhase section */
		D3B55F3F29FF830500EB8DA4 /* Resources */ = {
			isa = PBXResourcesBuildPhase;
			buildActionMask = 2147483647;
			files = (
				D3B55F5129FF830600EB8DA4 /* LaunchScreen.storyboard in Resources */,
				D3B55F5F29FFA71500EB8DA4 /* SecondVC.storyboard in Resources */,
				D3B55F4E29FF830600EB8DA4 /* Assets.xcassets in Resources */,
				D3B55F5B29FF96B900EB8DA4 /* DetailVC.storyboard in Resources */,
				D3B55F4C29FF830500EB8DA4 /* Main.storyboard in Resources */,
			);
			runOnlyForDeploymentPostprocessing = 0;
		};
/* End PBXResourcesBuildPhase section */

/* Begin PBXSourcesBuildPhase section */
		D3B55F3D29FF830500EB8DA4 /* Sources */ = {
			isa = PBXSourcesBuildPhase;
			buildActionMask = 2147483647;
			files = (
				D3B55F4929FF830500EB8DA4 /* FirstVC.swift in Sources */,
				D3B55F5D29FFA70A00EB8DA4 /* SecondVC.swift in Sources */,
				D3B55F5929FF91A500EB8DA4 /* DetailVC.swift in Sources */,
				D3B55F4529FF830500EB8DA4 /* AppDelegate.swift in Sources */,
				D3B55F4729FF830500EB8DA4 /* SceneDelegate.swift in Sources */,
			);
			runOnlyForDeploymentPostprocessing = 0;
		};
/* End PBXSourcesBuildPhase section */

/* Begin PBXVariantGroup section */
		D3B55F4A29FF830500EB8DA4 /* Main.storyboard */ = {
			isa = PBXVariantGroup;
			children = (
				D3B55F4B29FF830500EB8DA4 /* Base */,
			);
			name = Main.storyboard;
			sourceTree = "<group>";
		};
		D3B55F4F29FF830600EB8DA4 /* LaunchScreen.storyboard */ = {
			isa = PBXVariantGroup;
			children = (
				D3B55F5029FF830600EB8DA4 /* Base */,
			);
			name = LaunchScreen.storyboard;
			sourceTree = "<group>";
		};
/* End PBXVariantGroup section */

/* Begin XCBuildConfiguration section */
		D3B55F5329FF830600EB8DA4 /* Debug */ = {
			isa = XCBuildConfiguration;
			buildSettings = {
				ALWAYS_SEARCH_USER_PATHS = NO;
				CLANG_ANALYZER_NONNULL = YES;
				CLANG_ANALYZER_NUMBER_OBJECT_CONVERSION = YES_AGGRESSIVE;
				CLANG_CXX_LANGUAGE_STANDARD = "gnu++20";
				CLANG_ENABLE_MODULES = YES;
				CLANG_ENABLE_OBJC_ARC = YES;
				CLANG_ENABLE_OBJC_WEAK = YES;
				CLANG_WARN_BLOCK_CAPTURE_AUTORELEASING = YES;
				CLANG_WARN_BOOL_CONVERSION = YES;
				CLANG_WARN_COMMA = YES;
				CLANG_WARN_CONSTANT_CONVERSION = YES;
				CLANG_WARN_DEPRECATED_OBJC_IMPLEMENTATIONS = YES;
				CLANG_WARN_DIRECT_OBJC_ISA_USAGE = YES_ERROR;
				CLANG_WARN_DOCUMENTATION_COMMENTS = YES;
				CLANG_WARN_EMPTY_BODY = YES;
				CLANG_WARN_ENUM_CONVERSION = YES;
				CLANG_WARN_INFINITE_RECURSION = YES;
				CLANG_WARN_INT_CONVERSION = YES;
				CLANG_WARN_NON_LITERAL_NULL_CONVERSION = YES;
				CLANG_WARN_OBJC_IMPLICIT_RETAIN_SELF = YES;
				CLANG_WARN_OBJC_LITERAL_CONVERSION = YES;
				CLANG_WARN_OBJC_ROOT_CLASS = YES_ERROR;
				CLANG_WARN_QUOTED_INCLUDE_IN_FRAMEWORK_HEADER = YES;
				CLANG_WARN_RANGE_LOOP_ANALYSIS = YES;
				CLANG_WARN_STRICT_PROTOTYPES = YES;
				CLANG_WARN_SUSPICIOUS_MOVE = YES;
				CLANG_WARN_UNGUARDED_AVAILABILITY = YES_AGGRESSIVE;
				CLANG_WARN_UNREACHABLE_CODE = YES;
				CLANG_WARN__DUPLICATE_METHOD_MATCH = YES;
				COPY_PHASE_STRIP = NO;
				DEBUG_INFORMATION_FORMAT = dwarf;
				ENABLE_STRICT_OBJC_MSGSEND = YES;
				ENABLE_TESTABILITY = YES;
				GCC_C_LANGUAGE_STANDARD = gnu11;
				GCC_DYNAMIC_NO_PIC = NO;
				GCC_NO_COMMON_BLOCKS = YES;
				GCC_OPTIMIZATION_LEVEL = 0;
				GCC_PREPROCESSOR_DEFINITIONS = (
					"DEBUG=1",
					"$(inherited)",
				);
				GCC_WARN_64_TO_32_BIT_CONVERSION = YES;
				GCC_WARN_ABOUT_RETURN_TYPE = YES_ERROR;
				GCC_WARN_UNDECLARED_SELECTOR = YES;
				GCC_WARN_UNINITIALIZED_AUTOS = YES_AGGRESSIVE;
				GCC_WARN_UNUSED_FUNCTION = YES;
				GCC_WARN_UNUSED_VARIABLE = YES;
				IPHONEOS_DEPLOYMENT_TARGET = 16.1;
				MTL_ENABLE_DEBUG_INFO = INCLUDE_SOURCE;
				MTL_FAST_MATH = YES;
				ONLY_ACTIVE_ARCH = YES;
				SDKROOT = iphoneos;
				SWIFT_ACTIVE_COMPILATION_CONDITIONS = DEBUG;
				SWIFT_OPTIMIZATION_LEVEL = "-Onone";
			};
			name = Debug;
		};
		D3B55F5429FF830600EB8DA4 /* Release */ = {
			isa = XCBuildConfiguration;
			buildSettings = {
				ALWAYS_SEARCH_USER_PATHS = NO;
				CLANG_ANALYZER_NONNULL = YES;
				CLANG_ANALYZER_NUMBER_OBJECT_CONVERSION = YES_AGGRESSIVE;
				CLANG_CXX_LANGUAGE_STANDARD = "gnu++20";
				CLANG_ENABLE_MODULES = YES;
				CLANG_ENABLE_OBJC_ARC = YES;
				CLANG_ENABLE_OBJC_WEAK = YES;
				CLANG_WARN_BLOCK_CAPTURE_AUTORELEASING = YES;
				CLANG_WARN_BOOL_CONVERSION = YES;
				CLANG_WARN_COMMA = YES;
				CLANG_WARN_CONSTANT_CONVERSION = YES;
				CLANG_WARN_DEPRECATED_OBJC_IMPLEMENTATIONS = YES;
				CLANG_WARN_DIRECT_OBJC_ISA_USAGE = YES_ERROR;
				CLANG_WARN_DOCUMENTATION_COMMENTS = YES;
				CLANG_WARN_EMPTY_BODY = YES;
				CLANG_WARN_ENUM_CONVERSION = YES;
				CLANG_WARN_INFINITE_RECURSION = YES;
				CLANG_WARN_INT_CONVERSION = YES;
				CLANG_WARN_NON_LITERAL_NULL_CONVERSION = YES;
				CLANG_WARN_OBJC_IMPLICIT_RETAIN_SELF = YES;
				CLANG_WARN_OBJC_LITERAL_CONVERSION = YES;
				CLANG_WARN_OBJC_ROOT_CLASS = YES_ERROR;
				CLANG_WARN_QUOTED_INCLUDE_IN_FRAMEWORK_HEADER = YES;
				CLANG_WARN_RANGE_LOOP_ANALYSIS = YES;
				CLANG_WARN_STRICT_PROTOTYPES = YES;
				CLANG_WARN_SUSPICIOUS_MOVE = YES;
				CLANG_WARN_UNGUARDED_AVAILABILITY = YES_AGGRESSIVE;
				CLANG_WARN_UNREACHABLE_CODE = YES;
				CLANG_WARN__DUPLICATE_METHOD_MATCH = YES;
				COPY_PHASE_STRIP = NO;
				DEBUG_INFORMATION_FORMAT = "dwarf-with-dsym";
				ENABLE_NS_ASSERTIONS = NO;
				ENABLE_STRICT_OBJC_MSGSEND = YES;
				GCC_C_LANGUAGE_STANDARD = gnu11;
				GCC_NO_COMMON_BLOCKS = YES;
				GCC_WARN_64_TO_32_BIT_CONVERSION = YES;
				GCC_WARN_ABOUT_RETURN_TYPE = YES_ERROR;
				GCC_WARN_UNDECLARED_SELECTOR = YES;
				GCC_WARN_UNINITIALIZED_AUTOS = YES_AGGRESSIVE;
				GCC_WARN_UNUSED_FUNCTION = YES;
				GCC_WARN_UNUSED_VARIABLE = YES;
				IPHONEOS_DEPLOYMENT_TARGET = 16.1;
				MTL_ENABLE_DEBUG_INFO = NO;
				MTL_FAST_MATH = YES;
				SDKROOT = iphoneos;
				SWIFT_COMPILATION_MODE = wholemodule;
				SWIFT_OPTIMIZATION_LEVEL = "-O";
				VALIDATE_PRODUCT = YES;
			};
			name = Release;
		};
		D3B55F5629FF830600EB8DA4 /* Debug */ = {
			isa = XCBuildConfiguration;
			buildSettings = {
				ASSETCATALOG_COMPILER_APPICON_NAME = AppIcon;
				ASSETCATALOG_COMPILER_GLOBAL_ACCENT_COLOR_NAME = AccentColor;
				CODE_SIGN_STYLE = Automatic;
				CURRENT_PROJECT_VERSION = 1;
				GENERATE_INFOPLIST_FILE = YES;
				INFOPLIST_FILE = MoveScreen/Info.plist;
				INFOPLIST_KEY_UIApplicationSupportsIndirectInputEvents = YES;
				INFOPLIST_KEY_UILaunchStoryboardName = LaunchScreen;
				INFOPLIST_KEY_UIMainStoryboardFile = Main;
				INFOPLIST_KEY_UISupportedInterfaceOrientations_iPad = "UIInterfaceOrientationPortrait UIInterfaceOrientationPortraitUpsideDown UIInterfaceOrientationLandscapeLeft UIInterfaceOrientationLandscapeRight";
				INFOPLIST_KEY_UISupportedInterfaceOrientations_iPhone = "UIInterfaceOrientationPortrait UIInterfaceOrientationLandscapeLeft UIInterfaceOrientationLandscapeRight";
				IPHONEOS_DEPLOYMENT_TARGET = 13.0;
				LD_RUNPATH_SEARCH_PATHS = (
					"$(inherited)",
					"@executable_path/Frameworks",
				);
				MARKETING_VERSION = 1.0;
				PRODUCT_BUNDLE_IDENTIFIER = com.haru.MoveScreen;
				PRODUCT_NAME = "$(TARGET_NAME)";
				SUPPORTED_PLATFORMS = "iphoneos iphonesimulator";
				SUPPORTS_MACCATALYST = NO;
				SUPPORTS_MAC_DESIGNED_FOR_IPHONE_IPAD = NO;
				SWIFT_EMIT_LOC_STRINGS = YES;
				SWIFT_VERSION = 5.0;
				TARGETED_DEVICE_FAMILY = 1;
			};
			name = Debug;
		};
		D3B55F5729FF830600EB8DA4 /* Release */ = {
			isa = XCBuildConfiguration;
			buildSettings = {
				ASSETCATALOG_COMPILER_APPICON_NAME = AppIcon;
				ASSETCATALOG_COMPILER_GLOBAL_ACCENT_COLOR_NAME = AccentColor;
				CODE_SIGN_STYLE = Automatic;
				CURRENT_PROJECT_VERSION = 1;
				GENERATE_INFOPLIST_FILE = YES;
				INFOPLIST_FILE = MoveScreen/Info.plist;
				INFOPLIST_KEY_UIApplicationSupportsIndirectInputEvents = YES;
				INFOPLIST_KEY_UILaunchStoryboardName = LaunchScreen;
				INFOPLIST_KEY_UIMainStoryboardFile = Main;
				INFOPLIST_KEY_UISupportedInterfaceOrientations_iPad = "UIInterfaceOrientationPortrait UIInterfaceOrientationPortraitUpsideDown UIInterfaceOrientationLandscapeLeft UIInterfaceOrientationLandscapeRight";
				INFOPLIST_KEY_UISupportedInterfaceOrientations_iPhone = "UIInterfaceOrientationPortrait UIInterfaceOrientationLandscapeLeft UIInterfaceOrientationLandscapeRight";
				IPHONEOS_DEPLOYMENT_TARGET = 13.0;
				LD_RUNPATH_SEARCH_PATHS = (
					"$(inherited)",
					"@executable_path/Frameworks",
				);
				MARKETING_VERSION = 1.0;
				PRODUCT_BUNDLE_IDENTIFIER = com.haru.MoveScreen;
				PRODUCT_NAME = "$(TARGET_NAME)";
				SUPPORTED_PLATFORMS = "iphoneos iphonesimulator";
				SUPPORTS_MACCATALYST = NO;
				SUPPORTS_MAC_DESIGNED_FOR_IPHONE_IPAD = NO;
				SWIFT_EMIT_LOC_STRINGS = YES;
				SWIFT_VERSION = 5.0;
				TARGETED_DEVICE_FAMILY = 1;
			};
			name = Release;
		};
/* End XCBuildConfiguration section */

/* Begin XCConfigurationList section */
		D3B55F3C29FF830500EB8DA4 /* Build configuration list for PBXProject "MoveScreen" */ = {
			isa = XCConfigurationList;
			buildConfigurations = (
				D3B55F5329FF830600EB8DA4 /* Debug */,
				D3B55F5429FF830600EB8DA4 /* Release */,
			);
			defaultConfigurationIsVisible = 0;
			defaultConfigurationName = Release;
		};
		D3B55F5529FF830600EB8DA4 /* Build configuration list for PBXNativeTarget "MoveScreen" */ = {
			isa = XCConfigurationList;
			buildConfigurations = (
				D3B55F5629FF830600EB8DA4 /* Debug */,
				D3B55F5729FF830600EB8DA4 /* Release */,
			);
			defaultConfigurationIsVisible = 0;
			defaultConfigurationName = Release;
		};
/* End XCConfigurationList section */
	};
	rootObject = D3B55F3929FF830500EB8DA4 /* Project object */;
}
